
Microsoft Visual Studio Solution File, Format Version 12.00
# Visual Studio 2013
VisualStudioVersion = 12.0.30501.0
MinimumVisualStudioVersion = 10.0.40219.1
Project("{8BC9CEB8-8B4A-11D0-8D11-00A0C91BC942}") = "AdventureTime2", "AdventureTime2\AdventureTime2.vcxproj", "{17307208-5280-4012-98CA-2DF091C45763}"
EndProject
Project("{2150E333-8FDC-42A3-9474-1A3956D46DE8}") = "Solution Items", "Solution Items", "{F032223D-DDDA-4D8C-9644-4B5CCF19E809}"
EndProject
Global
	GlobalSection(SolutionConfigurationPlatforms) = preSolution
		Debug|Win32 = Debug|Win32
		Release|Win32 = Release|Win32
	EndGlobalSection
	GlobalSection(ProjectConfigurationPlatforms) = postSolution
		{17307208-5280-4012-98CA-2DF091C45763}.Debug|Win32.ActiveCfg = Debug|Win32
		{17307208-5280-4012-98CA-2DF091C45763}.Debug|Win32.Build.0 = Debug|Win32
		{17307208-5280-4012-98CA-2DF091C45763}.Release|Win32.ActiveCfg = Release|Win32
		{17307208-5280-4012-98CA-2DF091C45763}.Release|Win32.Build.0 = Release|Win32
	EndGlobalSection
	GlobalSection(SolutionProperties) = preSolution
		HideSolutionNode = FALSE
	EndGlobalSection
EndGlobal
